
Microsoft Visual Studio Solution File, Format Version 12.00
# Visual Studio Version 17
VisualStudioVersion = 17.8.34330.188
MinimumVisualStudioVersion = 10.0.40219.1
Project("{FAE04EC0-301F-11D3-BF4B-00C04F79EFBC}") = "GetCollectionData", "GetCollectionData\GetCollectionData.csproj", "{5A9FD4A6-D2F6-4253-ABF3-F8A1AB32205A}"
EndProject
Global
	GlobalSection(SolutionConfigurationPlatforms) = preSolution
		Debug|Any CPU = Debug|Any CPU
		Release|Any CPU = Release|Any CPU
	EndGlobalSection
	GlobalSection(ProjectConfigurationPlatforms) = postSolution
		{5A9FD4A6-D2F6-4253-ABF3-F8A1AB32205A}.Debug|Any CPU.ActiveCfg = Debug|Any CPU
		{5A9FD4A6-D2F6-4253-ABF3-F8A1AB32205A}.Debug|Any CPU.Build.0 = Debug|Any CPU
		{5A9FD4A6-D2F6-4253-ABF3-F8A1AB32205A}.Release|Any CPU.ActiveCfg = Release|Any CPU
		{5A9FD4A6-D2F6-4253-ABF3-F8A1AB32205A}.Release|Any CPU.Build.0 = Release|Any CPU
	EndGlobalSection
	GlobalSection(SolutionProperties) = preSolution
		HideSolutionNode = FALSE
	EndGlobalSection
	GlobalSection(ExtensibilityGlobals) = postSolution
		SolutionGuid = {1DBC8DBD-4DA6-4F3A-B474-07B81EA26F80}
	EndGlobalSection
EndGlobal
